
Microsoft Visual Studio Solution File, Format Version 12.00
# Visual Studio Version 17
VisualStudioVersion = 17.4.33213.308
MinimumVisualStudioVersion = 10.0.40219.1
Project("{FAE04EC0-301F-11D3-BF4B-00C04F79EFBC}") = "base64Decoder", "base64Decoder.csproj", "{9B0DD43E-5FDB-4CF2-866C-5D9FC714BACE}"
EndProject
Global
	GlobalSection(SolutionConfigurationPlatforms) = preSolution
		Debug|Any CPU = Debug|Any CPU
		Release|Any CPU = Release|Any CPU
	EndGlobalSection
	GlobalSection(ProjectConfigurationPlatforms) = postSolution
		{9B0DD43E-5FDB-4CF2-866C-5D9FC714BACE}.Debug|Any CPU.ActiveCfg = Debug|Any CPU
		{9B0DD43E-5FDB-4CF2-866C-5D9FC714BACE}.Debug|Any CPU.Build.0 = Debug|Any CPU
		{9B0DD43E-5FDB-4CF2-866C-5D9FC714BACE}.Release|Any CPU.ActiveCfg = Release|Any CPU
		{9B0DD43E-5FDB-4CF2-866C-5D9FC714BACE}.Release|Any CPU.Build.0 = Release|Any CPU
	EndGlobalSection
	GlobalSection(SolutionProperties) = preSolution
		HideSolutionNode = FALSE
	EndGlobalSection
	GlobalSection(ExtensibilityGlobals) = postSolution
		SolutionGuid = {0A6DDE6F-A126-495E-AB8D-C4792C2F810F}
	EndGlobalSection
EndGlobal
